
Microsoft Visual Studio Solution File, Format Version 12.00
# Visual Studio Version 16
VisualStudioVersion = 16.0.29519.181
MinimumVisualStudioVersion = 10.0.40219.1
Project("{FAE04EC0-301F-11D3-BF4B-00C04F79EFBC}") = "Roll", "Roll\Roll.csproj", "{F1ACC4DF-194A-4516-A9AB-D7C65B514327}"
EndProject
Global
	GlobalSection(SolutionConfigurationPlatforms) = preSolution
		Debug|Any CPU = Debug|Any CPU
		Release|Any CPU = Release|Any CPU
	EndGlobalSection
	GlobalSection(ProjectConfigurationPlatforms) = postSolution
		{F1ACC4DF-194A-4516-A9AB-D7C65B514327}.Debug|Any CPU.ActiveCfg = Debug|Any CPU
		{F1ACC4DF-194A-4516-A9AB-D7C65B514327}.Debug|Any CPU.Build.0 = Debug|Any CPU
		{F1ACC4DF-194A-4516-A9AB-D7C65B514327}.Release|Any CPU.ActiveCfg = Release|Any CPU
		{F1ACC4DF-194A-4516-A9AB-D7C65B514327}.Release|Any CPU.Build.0 = Release|Any CPU
	EndGlobalSection
	GlobalSection(SolutionProperties) = preSolution
		HideSolutionNode = FALSE
	EndGlobalSection
	GlobalSection(ExtensibilityGlobals) = postSolution
		SolutionGuid = {316FF8D5-24D2-4BD8-82FD-695C6C615339}
	EndGlobalSection
EndGlobal
